
Microsoft Visual Studio Solution File, Format Version 12.00
# Visual Studio Version 16
VisualStudioVersion = 16.0.29920.165
MinimumVisualStudioVersion = 10.0.40219.1
Project("{FAE04EC0-301F-11D3-BF4B-00C04F79EFBC}") = "WebAPI_PragueParking", "WebAPI_PragueParking\WebAPI_PragueParking.csproj", "{C881F874-763A-4953-87EC-670AC278B9A5}"
EndProject
Project("{FAE04EC0-301F-11D3-BF4B-00C04F79EFBC}") = "WebAPI_PragueParking_Domain", "WebAPI_PragueParking_Domain\WebAPI_PragueParking_Domain.csproj", "{70FE65EA-7A38-4112-BC48-9BCCEE53D8FE}"
EndProject
Global
	GlobalSection(SolutionConfigurationPlatforms) = preSolution
		Debug|Any CPU = Debug|Any CPU
		Release|Any CPU = Release|Any CPU
	EndGlobalSection
	GlobalSection(ProjectConfigurationPlatforms) = postSolution
		{C881F874-763A-4953-87EC-670AC278B9A5}.Debug|Any CPU.ActiveCfg = Debug|Any CPU
		{C881F874-763A-4953-87EC-670AC278B9A5}.Debug|Any CPU.Build.0 = Debug|Any CPU
		{C881F874-763A-4953-87EC-670AC278B9A5}.Release|Any CPU.ActiveCfg = Release|Any CPU
		{C881F874-763A-4953-87EC-670AC278B9A5}.Release|Any CPU.Build.0 = Release|Any CPU
		{70FE65EA-7A38-4112-BC48-9BCCEE53D8FE}.Debug|Any CPU.ActiveCfg = Debug|Any CPU
		{70FE65EA-7A38-4112-BC48-9BCCEE53D8FE}.Debug|Any CPU.Build.0 = Debug|Any CPU
		{70FE65EA-7A38-4112-BC48-9BCCEE53D8FE}.Release|Any CPU.ActiveCfg = Release|Any CPU
		{70FE65EA-7A38-4112-BC48-9BCCEE53D8FE}.Release|Any CPU.Build.0 = Release|Any CPU
	EndGlobalSection
	GlobalSection(SolutionProperties) = preSolution
		HideSolutionNode = FALSE
	EndGlobalSection
	GlobalSection(ExtensibilityGlobals) = postSolution
		SolutionGuid = {BEA9CC31-1BD0-4FC2-BF69-E96D260098A5}
	EndGlobalSection
EndGlobal
